
Microsoft Visual Studio Solution File, Format Version 12.00
# Visual Studio Version 16
VisualStudioVersion = 16.0.30711.63
MinimumVisualStudioVersion = 10.0.40219.1
Project("{FAE04EC0-301F-11D3-BF4B-00C04F79EFBC}") = "BilleteraClip", "BilleteraClip\BilleteraClip.csproj", "{AA89FA8F-C769-4AC0-9EE8-0767A5388F48}"
EndProject
Global
	GlobalSection(SolutionConfigurationPlatforms) = preSolution
		Debug|Any CPU = Debug|Any CPU
		Release|Any CPU = Release|Any CPU
	EndGlobalSection
	GlobalSection(ProjectConfigurationPlatforms) = postSolution
		{AA89FA8F-C769-4AC0-9EE8-0767A5388F48}.Debug|Any CPU.ActiveCfg = Debug|Any CPU
		{AA89FA8F-C769-4AC0-9EE8-0767A5388F48}.Debug|Any CPU.Build.0 = Debug|Any CPU
		{AA89FA8F-C769-4AC0-9EE8-0767A5388F48}.Release|Any CPU.ActiveCfg = Release|Any CPU
		{AA89FA8F-C769-4AC0-9EE8-0767A5388F48}.Release|Any CPU.Build.0 = Release|Any CPU
	EndGlobalSection
	GlobalSection(SolutionProperties) = preSolution
		HideSolutionNode = FALSE
	EndGlobalSection
	GlobalSection(ExtensibilityGlobals) = postSolution
		SolutionGuid = {D6F183A8-5589-462C-B720-304C7634674A}
	EndGlobalSection
EndGlobal
